
Microsoft Visual Studio Solution File, Format Version 12.00
# Visual Studio 14
VisualStudioVersion = 14.0.25123.0
MinimumVisualStudioVersion = 10.0.40219.1
Project("{8BC9CEB8-8B4A-11D0-8D11-00A0C91BC942}") = "XNeuronTest", "XNeuronTest.vcxproj", "{DC80A656-C0C3-3120-A27C-950CD3206091}"
EndProject
Project("{8BC9CEB8-8B4A-11D0-8D11-00A0C91BC942}") = "XNeuron", "..\XNeuron\XNeuron.vcxproj", "{0ADF97D4-D387-39AF-9408-7E116D073579}"
EndProject
Global
	GlobalSection(SolutionConfigurationPlatforms) = preSolution
		Debug|x64 = Debug|x64
		Release|x64 = Release|x64
	EndGlobalSection
	GlobalSection(ProjectConfigurationPlatforms) = postSolution
		{DC80A656-C0C3-3120-A27C-950CD3206091}.Debug|x64.ActiveCfg = Debug|x64
		{DC80A656-C0C3-3120-A27C-950CD3206091}.Debug|x64.Build.0 = Debug|x64
		{DC80A656-C0C3-3120-A27C-950CD3206091}.Release|x64.ActiveCfg = Release|x64
		{DC80A656-C0C3-3120-A27C-950CD3206091}.Release|x64.Build.0 = Release|x64
		{0ADF97D4-D387-39AF-9408-7E116D073579}.Debug|x64.ActiveCfg = Debug|x64
		{0ADF97D4-D387-39AF-9408-7E116D073579}.Debug|x64.Build.0 = Debug|x64
		{0ADF97D4-D387-39AF-9408-7E116D073579}.Release|x64.ActiveCfg = Release|x64
		{0ADF97D4-D387-39AF-9408-7E116D073579}.Release|x64.Build.0 = Release|x64
	EndGlobalSection
	GlobalSection(SolutionProperties) = preSolution
		HideSolutionNode = FALSE
	EndGlobalSection
EndGlobal
